
Microsoft Visual Studio Solution File, Format Version 12.00
# Visual Studio Version 16
VisualStudioVersion = 16.0.30517.126
MinimumVisualStudioVersion = 10.0.40219.1
Project("{FAE04EC0-301F-11D3-BF4B-00C04F79EFBC}") = "Idp", "Idp\Idp.csproj", "{3FF38ED5-8408-43F3-A6DB-29D1C22FB90E}"
EndProject
Global
	GlobalSection(SolutionConfigurationPlatforms) = preSolution
		Debug|Any CPU = Debug|Any CPU
		Release|Any CPU = Release|Any CPU
	EndGlobalSection
	GlobalSection(ProjectConfigurationPlatforms) = postSolution
		{3FF38ED5-8408-43F3-A6DB-29D1C22FB90E}.Debug|Any CPU.ActiveCfg = Debug|Any CPU
		{3FF38ED5-8408-43F3-A6DB-29D1C22FB90E}.Debug|Any CPU.Build.0 = Debug|Any CPU
		{3FF38ED5-8408-43F3-A6DB-29D1C22FB90E}.Release|Any CPU.ActiveCfg = Release|Any CPU
		{3FF38ED5-8408-43F3-A6DB-29D1C22FB90E}.Release|Any CPU.Build.0 = Release|Any CPU
	EndGlobalSection
	GlobalSection(SolutionProperties) = preSolution
		HideSolutionNode = FALSE
	EndGlobalSection
	GlobalSection(ExtensibilityGlobals) = postSolution
		SolutionGuid = {5C7013C4-2D54-4799-80FE-DFB1271BC9E3}
	EndGlobalSection
EndGlobal
